
Microsoft Visual Studio Solution File, Format Version 12.00
# Visual Studio Version 17
VisualStudioVersion = 17.8.34408.163
MinimumVisualStudioVersion = 10.0.40219.1
Project("{FAE04EC0-301F-11D3-BF4B-00C04F79EFBC}") = "midterm_exam", "midterm_exam.csproj", "{D51B0A48-70AE-42CC-9BC0-BE10B9829E26}"
EndProject
Global
	GlobalSection(SolutionConfigurationPlatforms) = preSolution
		Debug|Any CPU = Debug|Any CPU
		Release|Any CPU = Release|Any CPU
	EndGlobalSection
	GlobalSection(ProjectConfigurationPlatforms) = postSolution
		{D51B0A48-70AE-42CC-9BC0-BE10B9829E26}.Debug|Any CPU.ActiveCfg = Debug|Any CPU
		{D51B0A48-70AE-42CC-9BC0-BE10B9829E26}.Debug|Any CPU.Build.0 = Debug|Any CPU
		{D51B0A48-70AE-42CC-9BC0-BE10B9829E26}.Release|Any CPU.ActiveCfg = Release|Any CPU
		{D51B0A48-70AE-42CC-9BC0-BE10B9829E26}.Release|Any CPU.Build.0 = Release|Any CPU
	EndGlobalSection
	GlobalSection(SolutionProperties) = preSolution
		HideSolutionNode = FALSE
	EndGlobalSection
	GlobalSection(ExtensibilityGlobals) = postSolution
		SolutionGuid = {7BC92AF9-6D1F-44AA-9BF9-FB5C634BB81D}
	EndGlobalSection
EndGlobal
